PODS:
  - UMengAnalytics-NO-IDFA (4.2.5)

DEPENDENCIES:
  - UMengAnalytics-NO-IDFA

SPEC REPOS:
  https://github.com/cocoapods/specs.git:
    - UMengAnalytics-NO-IDFA

SPEC CHECKSUMS:
  UMengAnalytics-NO-IDFA: 16666e32edce5be44ae5b14aaaa7f3582e09d6ab

PODFILE CHECKSUM: a76e3581c6734a822697b703c06ddfd48c68e78e

COCOAPODS: 1.7.4
